
Microsoft Visual Studio Solution File, Format Version 12.00
# Visual Studio Version 17
VisualStudioVersion = 17.4.33110.190
MinimumVisualStudioVersion = 10.0.40219.1
Project("{FAE04EC0-301F-11D3-BF4B-00C04F79EFBC}") = "areaTrapezio", "areaTrapezio\areaTrapezio.csproj", "{7C6AFEA8-9B0B-4DA1-B9FC-E10F90C65A81}"
EndProject
Global
	GlobalSection(SolutionConfigurationPlatforms) = preSolution
		Debug|Any CPU = Debug|Any CPU
		Release|Any CPU = Release|Any CPU
	EndGlobalSection
	GlobalSection(ProjectConfigurationPlatforms) = postSolution
		{7C6AFEA8-9B0B-4DA1-B9FC-E10F90C65A81}.Debug|Any CPU.ActiveCfg = Debug|Any CPU
		{7C6AFEA8-9B0B-4DA1-B9FC-E10F90C65A81}.Debug|Any CPU.Build.0 = Debug|Any CPU
		{7C6AFEA8-9B0B-4DA1-B9FC-E10F90C65A81}.Release|Any CPU.ActiveCfg = Release|Any CPU
		{7C6AFEA8-9B0B-4DA1-B9FC-E10F90C65A81}.Release|Any CPU.Build.0 = Release|Any CPU
	EndGlobalSection
	GlobalSection(SolutionProperties) = preSolution
		HideSolutionNode = FALSE
	EndGlobalSection
	GlobalSection(ExtensibilityGlobals) = postSolution
		SolutionGuid = {1A8EEFD8-FBDA-4E4C-A563-85CDD46B1C1A}
	EndGlobalSection
EndGlobal
